{
  "version": 4,
  "terraform_version": "1.15.9",
  "serial": 8,
  "lineage": "6eb7780d-6a7b-d2ad-8559-c2ce334e309b",
  "outputs": {
    "server_ip": {
      "value": "54.208.17.145",
      "type": "string"
    }
  },
  "resources": [
    {
      "mode": "managed",
      "type": "aws_instance",
      "name": "devops_server",
      "provider": "provider[\"registry.terraform.io/hashicorp/aws\"]",
      "instances": [
        {
          "schema_version": 1,
          "attributes": {
            "ami": "ami-0c7217cdde317cfec",
            "arn": "arn:aws:ec2:us-east-1:825386256330:instance/i-02f0cf0f7fa328a88",
            "associate_public_ip_address": true,
            "availability_zone": "us-east-1b",
            "capacity_reservation_specification": [
              {
                "capacity_reservation_preference": "open",
                "capacity_reservation_target": []
              }
            ],
            "cpu_core_count": 1,
            "cpu_options": [
              {
                "amd_sev_snp": "",
                "core_count": 1,
                "threads_per_core": 1
              }
            ],
            "cpu_threads_per_core": 1,
            "credit_specification": [
              {
                "cpu_credits": "standard"
              }
            ],
            "disable_api_stop": false,
            "disable_api_termination": false,
            "ebs_block_device": [],
            "ebs_optimized": false,
            "enable_primary_ipv6": null,
            "enclave_options": [
              {
                "enabled": false
              }
            ],
            "ephemeral_block_device": [],
            "get_password_data": false,
            "hibernation": false,
            "host_id": "",
            "host_resource_group_arn": null,
            "iam_instance_profile": "",
            "id": "i-02f0cf0f7fa328a88",
            "instance_initiated_shutdown_behavior": "stop",
            "instance_lifecycle": "",
            "instance_market_options": [],
            "instance_state": "running",
            "instance_type": "t2.micro",
            "ipv6_address_count": 0,
            "ipv6_addresses": [],
            "key_name": "devops-deploy-key",
            "launch_template": [],
            "maintenance_options": [
              {
                "auto_recovery": "default"
              }
            ],
            "metadata_options": [
              {
                "http_endpoint": "enabled",
                "http_protocol_ipv6": "disabled",
                "http_put_response_hop_limit": 1,
                "http_tokens": "optional",
                "instance_metadata_tags": "disabled"
              }
            ],
            "monitoring": false,
            "network_interface": [],
            "outpost_arn": "",
            "password_data": "",
            "placement_group": "",
            "placement_partition_number": 0,
            "primary_network_interface_id": "eni-0af42a9b85b9dafdb",
            "private_dns": "ip-172-31-91-185.ec2.internal",
            "private_dns_name_options": [
              {
                "enable_resource_name_dns_a_record": false,
                "enable_resource_name_dns_aaaa_record": false,
                "hostname_type": "ip-name"
              }
            ],
            "private_ip": "172.31.91.185",
            "public_dns": "ec2-54-208-17-145.compute-1.amazonaws.com",
            "public_ip": "54.208.17.145",
            "root_block_device": [
              {
                "delete_on_termination": true,
                "device_name": "/dev/sda1",
                "encrypted": false,
                "iops": 100,
                "kms_key_id": "",
                "tags": {},
                "tags_all": {},
                "throughput": 0,
                "volume_id": "vol-055e989c6e4548552",
                "volume_size": 8,
                "volume_type": "gp2"
              }
            ],
            "secondary_private_ips": [],
            "security_groups": [
              "devops-project-sg"
            ],
            "source_dest_check": true,
            "spot_instance_request_id": "",
            "subnet_id": "subnet-09f56c665f93795e7",
            "tags": {
              "Name": "devops-project-server"
            },
            "tags_all": {
              "Name": "devops-project-server"
            },
            "tenancy": "default",
            "timeouts": null,
            "user_data": null,
            "user_data_base64": null,
            "user_data_replace_on_change": false,
            "volume_tags": null,
            "vpc_security_group_ids": [
              "sg-0448b5d2db70cfc05"
            ]
          },
          "sensitive_attributes": [],
          "identity_schema_version": 0,
          "private": "eyJlMmJmYjczMC1lY2FhLTExZTYtOGY4OC0zNDM2M2JjN2M0YzAiOnsiY3JlYXRlIjo2MDAwMDAwMDAwMDAsImRlbGV0ZSI6MTIwMDAwMDAwMDAwMCwicmVhZCI6OTAwMDAwMDAwMDAwLCJ1cGRhdGUiOjYwMDAwMDAwMDAwMH0sInNjaGVtYV92ZXJzaW9uIjoiMSJ9",
          "dependencies": [
            "aws_key_pair.deploy_key",
            "aws_security_group.devops_sg"
          ]
        }
      ]
    },
    {
      "mode": "managed",
      "type": "aws_key_pair",
      "name": "deploy_key",
      "provider": "provider[\"registry.terraform.io/hashicorp/aws\"]",
      "instances": [
        {
          "schema_version": 1,
          "attributes": {
            "arn": "arn:aws:ec2:us-east-1:825386256330:key-pair/devops-deploy-key",
            "fingerprint": "ea:b0:4f:6a:d7:50:7c:75:7a:97:d2:e0:fe:1c:ba:4c",
            "id": "devops-deploy-key",
            "key_name": "devops-deploy-key",
            "key_name_prefix": "",
            "key_pair_id": "key-0fb6fa8f7d3bfc6a2",
            "key_type": "rsa",
            "public_key": "ssh-rsa AAAAB3NzaC1yc2EAAAADAQABAAACAQCl5PsEy0VGBSXgRkZgT0b/txqV4xyD2rgvrLQveNjJVUwEh38Dt4arhsuULh8rq4uS6jdJfsjJVwDFOCW2XfKXj94lVMGzK7k4EJc7bQb5cgDHH2J8DRLRudN6tdRugbPKCDGVWZe+r6qwWj8mfikzflK2lbkj92Re3J8dlQcR2qS+8BXQeYIjbyKALsuFOdhJiMrhiOaolO0BLRADQ1d15XHiKfWiDPIBOAw2vA+NVD17NbMZiUa2orhstdT3TMnc5NjG18SzlhaZZ1ftThGFOS+vIzEpTL2f+ZE38qdBbcX71ZDKXhhoUtBmKhiq6A7brkeJiMET8dtErZrQ5amXLy7V80vnnGx6scHrUbmyyYhVXyt5u/WTYY7oKbrNsiyYLc+17ZCOSqoUdx0wXWdspUobARyhuZAUXvwA1LyUFKYEhk+hUh+uu3ZpDzuMWyk3qcdUslrw1JhuoM7SxCfgtdku/Thv37U6aBep+mcvx9G6PQA+/1XOMk/rxtH57tFo/LtU5JCip9p6bKG/+uVq43iieA5SODxrFBlqLq/uBjYhB+O89GCohV7TMhS0SrFUaIcPeC2f5DxUrICpRyVUIbzfFJKKA+1GC0eD2U1DD1kmwhvlpkPZxvdrDV25Ai0Z+NblBk3CA4C1ZKvUSuh7oDPBgHu5YIkIDZrPOFJ6KQ== edwinleer@ubuntu-devops",
            "tags": null,
            "tags_all": {}
          },
          "sensitive_attributes": [],
          "identity_schema_version": 0,
          "private": "eyJzY2hlbWFfdmVyc2lvbiI6IjEifQ=="
        }
      ]
    },
    {
      "mode": "managed",
      "type": "aws_security_group",
      "name": "devops_sg",
      "provider": "provider[\"registry.terraform.io/hashicorp/aws\"]",
      "instances": [
        {
          "schema_version": 1,
          "attributes": {
            "arn": "arn:aws:ec2:us-east-1:825386256330:security-group/sg-0448b5d2db70cfc05",
            "description": "Security group para el proyecto DevOps",
            "egress": [
              {
                "cidr_blocks": [
                  "0.0.0.0/0"
                ],
                "description": "",
                "from_port": 0,
                "ipv6_cidr_blocks": [],
                "prefix_list_ids": [],
                "protocol": "-1",
                "security_groups": [],
                "self": false,
                "to_port": 0
              }
            ],
            "id": "sg-0448b5d2db70cfc05",
            "ingress": [
              {
                "cidr_blocks": [
                  "0.0.0.0/0"
                ],
                "description": "App Flask",
                "from_port": 5000,
                "ipv6_cidr_blocks": [],
                "prefix_list_ids": [],
                "protocol": "tcp",
                "security_groups": [],
                "self": false,
                "to_port": 5000
              },
              {
                "cidr_blocks": [
                  "0.0.0.0/0"
                ],
                "description": "SSH",
                "from_port": 22,
                "ipv6_cidr_blocks": [],
                "prefix_list_ids": [],
                "protocol": "tcp",
                "security_groups": [],
                "self": false,
                "to_port": 22
              }
            ],
            "name": "devops-project-sg",
            "name_prefix": "",
            "owner_id": "825386256330",
            "revoke_rules_on_delete": false,
            "tags": {
              "Name": "devops-project-sg"
            },
            "tags_all": {
              "Name": "devops-project-sg"
            },
            "timeouts": null,
            "vpc_id": "vpc-0d5e0562eaebe6047"
          },
          "sensitive_attributes": [],
          "identity_schema_version": 0,
          "private": "eyJlMmJmYjczMC1lY2FhLTExZTYtOGY4OC0zNDM2M2JjN2M0YzAiOnsiY3JlYXRlIjo2MDAwMDAwMDAwMDAsImRlbGV0ZSI6OTAwMDAwMDAwMDAwfSwic2NoZW1hX3ZlcnNpb24iOiIxIn0="
        }
      ]
    }
  ],
  "check_results": null
}
